
Microsoft Visual Studio Solution File, Format Version 12.00
# Visual Studio 15
VisualStudioVersion = 15.0.26124.0
MinimumVisualStudioVersion = 15.0.26124.0
Project("{FAE04EC0-301F-11D3-BF4B-00C04F79EFBC}") = "API", "API\API.csproj", "{A3C595E9-0FF3-4BEF-B2F8-6FF78388F38A}"
EndProject
Project("{FAE04EC0-301F-11D3-BF4B-00C04F79EFBC}") = "Core", "Core\Core.csproj", "{8693228D-6080-45F7-8233-80387EFB2319}"
EndProject
Project("{FAE04EC0-301F-11D3-BF4B-00C04F79EFBC}") = "Infrastructure", "Infrastructure\Infrastructure.csproj", "{870E911E-7DC1-484C-B807-C22BA8A39088}"
EndProject
Global
	GlobalSection(SolutionConfigurationPlatforms) = preSolution
		Debug|Any CPU = Debug|Any CPU
		Debug|x64 = Debug|x64
		Debug|x86 = Debug|x86
		Release|Any CPU = Release|Any CPU
		Release|x64 = Release|x64
		Release|x86 = Release|x86
	EndGlobalSection
	GlobalSection(SolutionProperties) = preSolution
		HideSolutionNode = FALSE
	EndGlobalSection
	GlobalSection(ProjectConfigurationPlatforms) = postSolution
		{A3C595E9-0FF3-4BEF-B2F8-6FF78388F38A}.Debug|Any CPU.ActiveCfg = Debug|Any CPU
		{A3C595E9-0FF3-4BEF-B2F8-6FF78388F38A}.Debug|Any CPU.Build.0 = Debug|Any CPU
		{A3C595E9-0FF3-4BEF-B2F8-6FF78388F38A}.Debug|x64.ActiveCfg = Debug|Any CPU
		{A3C595E9-0FF3-4BEF-B2F8-6FF78388F38A}.Debug|x64.Build.0 = Debug|Any CPU
		{A3C595E9-0FF3-4BEF-B2F8-6FF78388F38A}.Debug|x86.ActiveCfg = Debug|Any CPU
		{A3C595E9-0FF3-4BEF-B2F8-6FF78388F38A}.Debug|x86.Build.0 = Debug|Any CPU
		{A3C595E9-0FF3-4BEF-B2F8-6FF78388F38A}.Release|Any CPU.ActiveCfg = Release|Any CPU
		{A3C595E9-0FF3-4BEF-B2F8-6FF78388F38A}.Release|Any CPU.Build.0 = Release|Any CPU
		{A3C595E9-0FF3-4BEF-B2F8-6FF78388F38A}.Release|x64.ActiveCfg = Release|Any CPU
		{A3C595E9-0FF3-4BEF-B2F8-6FF78388F38A}.Release|x64.Build.0 = Release|Any CPU
		{A3C595E9-0FF3-4BEF-B2F8-6FF78388F38A}.Release|x86.ActiveCfg = Release|Any CPU
		{A3C595E9-0FF3-4BEF-B2F8-6FF78388F38A}.Release|x86.Build.0 = Release|Any CPU
		{8693228D-6080-45F7-8233-80387EFB2319}.Debug|Any CPU.ActiveCfg = Debug|Any CPU
		{8693228D-6080-45F7-8233-80387EFB2319}.Debug|Any CPU.Build.0 = Debug|Any CPU
		{8693228D-6080-45F7-8233-80387EFB2319}.Debug|x64.ActiveCfg = Debug|Any CPU
		{8693228D-6080-45F7-8233-80387EFB2319}.Debug|x64.Build.0 = Debug|Any CPU
		{8693228D-6080-45F7-8233-80387EFB2319}.Debug|x86.ActiveCfg = Debug|Any CPU
		{8693228D-6080-45F7-8233-80387EFB2319}.Debug|x86.Build.0 = Debug|Any CPU
		{8693228D-6080-45F7-8233-80387EFB2319}.Release|Any CPU.ActiveCfg = Release|Any CPU
		{8693228D-6080-45F7-8233-80387EFB2319}.Release|Any CPU.Build.0 = Release|Any CPU
		{8693228D-6080-45F7-8233-80387EFB2319}.Release|x64.ActiveCfg = Release|Any CPU
		{8693228D-6080-45F7-8233-80387EFB2319}.Release|x64.Build.0 = Release|Any CPU
		{8693228D-6080-45F7-8233-80387EFB2319}.Release|x86.ActiveCfg = Release|Any CPU
		{8693228D-6080-45F7-8233-80387EFB2319}.Release|x86.Build.0 = Release|Any CPU
		{870E911E-7DC1-484C-B807-C22BA8A39088}.Debug|Any CPU.ActiveCfg = Debug|Any CPU
		{870E911E-7DC1-484C-B807-C22BA8A39088}.Debug|Any CPU.Build.0 = Debug|Any CPU
		{870E911E-7DC1-484C-B807-C22BA8A39088}.Debug|x64.ActiveCfg = Debug|Any CPU
		{870E911E-7DC1-484C-B807-C22BA8A39088}.Debug|x64.Build.0 = Debug|Any CPU
		{870E911E-7DC1-484C-B807-C22BA8A39088}.Debug|x86.ActiveCfg = Debug|Any CPU
		{870E911E-7DC1-484C-B807-C22BA8A39088}.Debug|x86.Build.0 = Debug|Any CPU
		{870E911E-7DC1-484C-B807-C22BA8A39088}.Release|Any CPU.ActiveCfg = Release|Any CPU
		{870E911E-7DC1-484C-B807-C22BA8A39088}.Release|Any CPU.Build.0 = Release|Any CPU
		{870E911E-7DC1-484C-B807-C22BA8A39088}.Release|x64.ActiveCfg = Release|Any CPU
		{870E911E-7DC1-484C-B807-C22BA8A39088}.Release|x64.Build.0 = Release|Any CPU
		{870E911E-7DC1-484C-B807-C22BA8A39088}.Release|x86.ActiveCfg = Release|Any CPU
		{870E911E-7DC1-484C-B807-C22BA8A39088}.Release|x86.Build.0 = Release|Any CPU
	EndGlobalSection
EndGlobal
